<Solution>
  <Folder Name="/src/">
    <Project Path="src/FinanceTracker.Core/FinanceTracker.Core.csproj" />
    <Project Path="src/FinanceTracker.Infrastructure.Sqlite/FinanceTracker.Infrastructure.Sqlite.csproj" />
    <Project Path="src/FinanceTracker.Infrastructure/FinanceTracker.Infrastructure.csproj" />
    <Project Path="src/FinanceTracker.Shared/FinanceTracker.Shared.csproj" />
  </Folder>
</Solution>
